
Microsoft Visual Studio Solution File, Format Version 12.00
# Visual Studio Version 16
VisualStudioVersion = 16.0.34407.143
MinimumVisualStudioVersion = 10.0.40219.1
Project("{8BC9CEB8-8B4A-11D0-8D11-00A0C91BC942}") = "GraphicsGui", "GraphicsGui.vcxproj", "{BE5F6D5E-6728-429C-BC4C-3E65A409D690}"
EndProject
Global
	GlobalSection(SolutionConfigurationPlatforms) = preSolution
		Debug|x64 = Debug|x64
		Debug|x86 = Debug|x86
		Release|x64 = Release|x64
		Release|x86 = Release|x86
	EndGlobalSection
	GlobalSection(ProjectConfigurationPlatforms) = postSolution
		{BE5F6D5E-6728-429C-BC4C-3E65A409D690}.Debug|x64.ActiveCfg = Debug|x64
		{BE5F6D5E-6728-429C-BC4C-3E65A409D690}.Debug|x64.Build.0 = Debug|x64
		{BE5F6D5E-6728-429C-BC4C-3E65A409D690}.Debug|x86.ActiveCfg = Debug|Win32
		{BE5F6D5E-6728-429C-BC4C-3E65A409D690}.Debug|x86.Build.0 = Debug|Win32
		{BE5F6D5E-6728-429C-BC4C-3E65A409D690}.Release|x64.ActiveCfg = Release|x64
		{BE5F6D5E-6728-429C-BC4C-3E65A409D690}.Release|x64.Build.0 = Release|x64
		{BE5F6D5E-6728-429C-BC4C-3E65A409D690}.Release|x86.ActiveCfg = Release|Win32
		{BE5F6D5E-6728-429C-BC4C-3E65A409D690}.Release|x86.Build.0 = Release|Win32
	EndGlobalSection
	GlobalSection(SolutionProperties) = preSolution
		HideSolutionNode = FALSE
	EndGlobalSection
	GlobalSection(ExtensibilityGlobals) = postSolution
		SolutionGuid = {476F3D99-41D1-4E99-B845-872BD271460D}
	EndGlobalSection
EndGlobal
